PODS:
  - CocoaAsyncSocket (7.5.1):
    - CocoaAsyncSocket/GCD (= 7.5.1)
  - CocoaAsyncSocket/GCD (7.5.1)

DEPENDENCIES:
  - CocoaAsyncSocket

SPEC CHECKSUMS:
  CocoaAsyncSocket: e0a7e93b2ffa411592ff87e58524fbbc9b95b4fa

PODFILE CHECKSUM: 5e7e8df21e5ea1335369c50e16d441f36181216c

COCOAPODS: 1.2.1.beta.1
